{
  "name": "block-letters",
  "version": "1.0.0",
  "lockfileVersion": 1,
  "requires": true,
  "dependencies": {
    "@types/node": {
      "version": "12.20.12",
      "resolved": "https://registry.npmjs.org/@types/node/-/node-12.20.12.tgz",
      "integrity": "sha512-KQZ1al2hKOONAs2MFv+yTQP1LkDWMrRJ9YCVRalXltOfXsBmH5IownLxQaiq0lnAHwAViLnh2aTYqrPcRGEbgg==",
      "dev": true
    },
    "@types/nodemailer": {
      "version": "6.2.1",
      "resolved": "https://registry.npmjs.org/@types/nodemailer/-/nodemailer-6.2.1.tgz",
      "integrity": "sha512-6f46rxxaFwyOW39psPoQiM7jHjL7apDRNT5WPHIuv+TZFv+7sBGSI9J7blIC3/NWff4O9/VSzgoQtO6aPLUdvQ==",
      "dev": true,
      "requires": {
        "@types/node": "*"
      }
    },
    "@wormss/findwords": {
      "version": "1.1.1",
      "resolved": "https://registry.npmjs.org/@wormss/findwords/-/findwords-1.1.1.tgz",
      "integrity": "sha512-O274XhPsRUB96vsRQ3I9/9w97nZ+xHbIXW/t4MoYMWhsEUZhT81pnfqDSxtmiHHvpagJynXOy67nhR+27E1DUw=="
    },
    "nodemailer": {
      "version": "6.4.16",
      "resolved": "https://registry.npmjs.org/nodemailer/-/nodemailer-6.4.16.tgz",
      "integrity": "sha512-68K0LgZ6hmZ7PVmwL78gzNdjpj5viqBdFqKrTtr9bZbJYj6BRj5W6WGkxXrEnUl3Co3CBXi3CZBUlpV/foGnOQ=="
    }
  }
}
